
Microsoft Visual Studio Solution File, Format Version 12.00
# Visual Studio Version 17
VisualStudioVersion = 17.2.32616.157
MinimumVisualStudioVersion = 10.0.40219.1
Project("{FAE04EC0-301F-11D3-BF4B-00C04F79EFBC}") = "Project 11", "Project 11\Project 11.csproj", "{7FC1026D-4FB0-4F9A-8F39-B604A209AD00}"
EndProject
Global
	GlobalSection(SolutionConfigurationPlatforms) = preSolution
		Debug|Any CPU = Debug|Any CPU
		Release|Any CPU = Release|Any CPU
	EndGlobalSection
	GlobalSection(ProjectConfigurationPlatforms) = postSolution
		{7FC1026D-4FB0-4F9A-8F39-B604A209AD00}.Debug|Any CPU.ActiveCfg = Debug|Any CPU
		{7FC1026D-4FB0-4F9A-8F39-B604A209AD00}.Debug|Any CPU.Build.0 = Debug|Any CPU
		{7FC1026D-4FB0-4F9A-8F39-B604A209AD00}.Release|Any CPU.ActiveCfg = Release|Any CPU
		{7FC1026D-4FB0-4F9A-8F39-B604A209AD00}.Release|Any CPU.Build.0 = Release|Any CPU
	EndGlobalSection
	GlobalSection(SolutionProperties) = preSolution
		HideSolutionNode = FALSE
	EndGlobalSection
	GlobalSection(ExtensibilityGlobals) = postSolution
		SolutionGuid = {5DDE2B69-1E7E-4BAA-A4EE-81E8A9857C32}
	EndGlobalSection
EndGlobal
